// !$*UTF8*$!
{
	archiveVersion = 1;
	classes = {
	};
	objectVersion = 46;
	objects = {

/* Begin PBXBuildFile section */
		6DC1584A191A687A004C4EFC /* Foundation.framework in Frameworks */ = {isa = PBXBuildFile; fileRef = 6DC15849191A687A004C4EFC /* Foundation.framework */; };
		6DC1584C191A687A004C4EFC /* CoreGraphics.framework in Frameworks */ = {isa = PBXBuildFile; fileRef = 6DC1584B191A687A004C4EFC /* CoreGraphics.framework */; };
		6DC1584E191A687A004C4EFC /* UIKit.framework in Frameworks */ = {isa = PBXBuildFile; fileRef = 6DC1584D191A687A004C4EFC /* UIKit.framework */; };
		6DC15854191A687A004C4EFC /* InfoPlist.strings in Resources */ = {isa = PBXBuildFile; fileRef = 6DC15852191A687A004C4EFC /* InfoPlist.strings */; };
		6DC15856191A687A004C4EFC /* main.m in Sources */ = {isa = PBXBuildFile; fileRef = 6DC15855191A687A004C4EFC /* main.m */; };
		6DC1585A191A687A004C4EFC /* LQLAppDelegate.m in Sources */ = {isa = PBXBuildFile; fileRef = 6DC15859191A687A004C4EFC /* LQLAppDelegate.m */; };
		6DC1585C191A687A004C4EFC /* Images.xcassets in Resources */ = {isa = PBXBuildFile; fileRef = 6DC1585B191A687A004C4EFC /* Images.xcassets */; };
		6DC15863191A687B004C4EFC /* XCTest.framework in Frameworks */ = {isa = PBXBuildFile; fileRef = 6DC15862191A687B004C4EFC /* XCTest.framework */; };
		6DC15864191A687B004C4EFC /* Foundation.framework in Frameworks */ = {isa = PBXBuildFile; fileRef = 6DC15849191A687A004C4EFC /* Foundation.framework */; };
		6DC15865191A687B004C4EFC /* UIKit.framework in Frameworks */ = {isa = PBXBuildFile; fileRef = 6DC1584D191A687A004C4EFC /* UIKit.framework */; };
		6DC1586D191A687B004C4EFC /* InfoPlist.strings in Resources */ = {isa = PBXBuildFile; fileRef = 6DC1586B191A687B004C4EFC /* InfoPlist.strings */; };
		6DC1586F191A687B004C4EFC /* TableTests.m in Sources */ = {isa = PBXBuildFile; fileRef = 6DC1586E191A687B004C4EFC /* TableTests.m */; };
		6DC1587A191A6893004C4EFC /* LQLTableViewController.m in Sources */ = {isa = PBXBuildFile; fileRef = 6DC15879191A6893004C4EFC /* LQLTableViewController.m */; };
		6DC1587D191A698F004C4EFC /* LQLTableSectionView.m in Sources */ = {isa = PBXBuildFile; fileRef = 6DC1587C191A698F004C4EFC /* LQLTableSectionView.m */; };
		6DC15881191A7D9D004C4EFC /* LQLCell.m in Sources */ = {isa = PBXBuildFile; fileRef = 6DC1587F191A7D9D004C4EFC /* LQLCell.m */; };
		6DC15882191A7D9D004C4EFC /* LQLCell.xib in Resources */ = {isa = PBXBuildFile; fileRef = 6DC15880191A7D9D004C4EFC /* LQLCell.xib */; };
/* End PBXBuildFile section */

/* Begin PBXContainerItemProxy section */
		6DC15866191A687B004C4EFC /* PBXContainerItemProxy */ = {
			isa = PBXContainerItemProxy;
			containerPortal = 6DC1583E191A687A004C4EFC /* Project object */;
			proxyType = 1;
			remoteGlobalIDString = 6DC15845191A687A004C4EFC;
			remoteInfo = Table;
		};
/* End PBXContainerItemProxy section */

/* Begin PBXFileReference section */
		6DC15846191A687A004C4EFC /* Table.app */ = {isa = PBXFileReference; explicitFileType = wrapper.application; includeInIndex = 0; path = Table.app; sourceTree = BUILT_PRODUCTS_DIR; };
		6DC15849191A687A004C4EFC /* Foundation.framework */ = {isa = PBXFileReference; lastKnownFileType = wrapper.framework; name = Foundation.framework; path = System/Library/Frameworks/Foundation.framework; sourceTree = SDKROOT; };
		6DC1584B191A687A004C4EFC /* CoreGraphics.framework */ = {isa = PBXFileReference; lastKnownFileType = wrapper.framework; name = CoreGraphics.framework; path = System/Library/Frameworks/CoreGraphics.framework; sourceTree = SDKROOT; };
		6DC1584D191A687A004C4EFC /* UIKit.framework */ = {isa = PBXFileReference; lastKnownFileType = wrapper.framework; name = UIKit.framework; path = System/Library/Frameworks/UIKit.framework; sourceTree = SDKROOT; };
		6DC15851191A687A004C4EFC /* Table-Info.plist */ = {isa = PBXFileReference; lastKnownFileType = text.plist.xml; path = "Table-Info.plist"; sourceTree = "<group>"; };
		6DC15853191A687A004C4EFC /* en */ = {isa = PBXFileReference; lastKnownFileType = text.plist.strings; name = en; path = en.lproj/InfoPlist.strings; sourceTree = "<group>"; };
		6DC15855191A687A004C4EFC /* main.m */ = {isa = PBXFileReference; lastKnownFileType = sourcecode.c.objc; path = main.m; sourceTree = "<group>"; };
		6DC15857191A687A004C4EFC /* Table-Prefix.pch */ = {isa = PBXFileReference; lastKnownFileType = sourcecode.c.h; path = "Table-Prefix.pch"; sourceTree = "<group>"; };
		6DC15858191A687A004C4EFC /* LQLAppDelegate.h */ = {isa = PBXFileReference; lastKnownFileType = sourcecode.c.h; path = LQLAppDelegate.h; sourceTree = "<group>"; };
		6DC15859191A687A004C4EFC /* LQLAppDelegate.m */ = {isa = PBXFileReference; lastKnownFileType = sourcecode.c.objc; path = LQLAppDelegate.m; sourceTree = "<group>"; };
		6DC1585B191A687A004C4EFC /* Images.xcassets */ = {isa = PBXFileReference; lastKnownFileType = folder.assetcatalog; path = Images.xcassets; sourceTree = "<group>"; };
		6DC15861191A687B004C4EFC /* TableTests.xctest */ = {isa = PBXFileReference; explicitFileType = wrapper.cfbundle; includeInIndex = 0; path = TableTests.xctest; sourceTree = BUILT_PRODUCTS_DIR; };
		6DC15862191A687B004C4EFC /* XCTest.framework */ = {isa = PBXFileReference; lastKnownFileType = wrapper.framework; name = XCTest.framework; path = Library/Frameworks/XCTest.framework; sourceTree = DEVELOPER_DIR; };
		6DC1586A191A687B004C4EFC /* TableTests-Info.plist */ = {isa = PBXFileReference; lastKnownFileType = text.plist.xml; path = "TableTests-Info.plist"; sourceTree = "<group>"; };
		6DC1586C191A687B004C4EFC /* en */ = {isa = PBXFileReference; lastKnownFileType = text.plist.strings; name = en; path = en.lproj/InfoPlist.strings; sourceTree = "<group>"; };
		6DC1586E191A687B004C4EFC /* TableTests.m */ = {isa = PBXFileReference; lastKnownFileType = sourcecode.c.objc; path = TableTests.m; sourceTree = "<group>"; };
		6DC15878191A6893004C4EFC /* LQLTableViewController.h */ = {isa = PBXFileReference; fileEncoding = 4; lastKnownFileType = sourcecode.c.h; path = LQLTableViewController.h; sourceTree = "<group>"; };
		6DC15879191A6893004C4EFC /* LQLTableViewController.m */ = {isa = PBXFileReference; fileEncoding = 4; lastKnownFileType = sourcecode.c.objc; path = LQLTableViewController.m; sourceTree = "<group>"; };
		6DC1587B191A698F004C4EFC /* LQLTableSectionView.h */ = {isa = PBXFileReference; fileEncoding = 4; lastKnownFileType = sourcecode.c.h; path = LQLTableSectionView.h; sourceTree = "<group>"; };
		6DC1587C191A698F004C4EFC /* LQLTableSectionView.m */ = {isa = PBXFileReference; fileEncoding = 4; lastKnownFileType = sourcecode.c.objc; path = LQLTableSectionView.m; sourceTree = "<group>"; };
		6DC1587E191A7D9D004C4EFC /* LQLCell.h */ = {isa = PBXFileReference; fileEncoding = 4; lastKnownFileType = sourcecode.c.h; path = LQLCell.h; sourceTree = "<group>"; };
		6DC1587F191A7D9D004C4EFC /* LQLCell.m */ = {isa = PBXFileReference; fileEncoding = 4; lastKnownFileType = sourcecode.c.objc; path = LQLCell.m; sourceTree = "<group>"; };
		6DC15880191A7D9D004C4EFC /* LQLCell.xib */ = {isa = PBXFileReference; fileEncoding = 4; lastKnownFileType = file.xib; path = LQLCell.xib; sourceTree = "<group>"; };
/* End PBXFileReference section */

/* Begin PBXFrameworksBuildPhase section */
		6DC15843191A687A004C4EFC /* Frameworks */ = {
			isa = PBXFrameworksBuildPhase;
			buildActionMask = 2147483647;
			files = (
				6DC1584C191A687A004C4EFC /* CoreGraphics.framework in Frameworks */,
				6DC1584E191A687A004C4EFC /* UIKit.framework in Frameworks */,
				6DC1584A191A687A004C4EFC /* Foundation.framework in Frameworks */,
			);
			runOnlyForDeploymentPostprocessing = 0;
		};
		6DC1585E191A687B004C4EFC /* Frameworks */ = {
			isa = PBXFrameworksBuildPhase;
			buildActionMask = 2147483647;
			files = (
				6DC15863191A687B004C4EFC /* XCTest.framework in Frameworks */,
				6DC15865191A687B004C4EFC /* UIKit.framework in Frameworks */,
				6DC15864191A687B004C4EFC /* Foundation.framework in Frameworks */,
			);
			runOnlyForDeploymentPostprocessing = 0;
		};
/* End PBXFrameworksBuildPhase section */

/* Begin PBXGroup section */
		6DC1583D191A687A004C4EFC = {
			isa = PBXGroup;
			children = (
				6DC1584F191A687A004C4EFC /* Table */,
				6DC15868191A687B004C4EFC /* TableTests */,
				6DC15848191A687A004C4EFC /* Frameworks */,
				6DC15847191A687A004C4EFC /* Products */,
			);
			sourceTree = "<group>";
		};
		6DC15847191A687A004C4EFC /* Products */ = {
			isa = PBXGroup;
			children = (
				6DC15846191A687A004C4EFC /* Table.app */,
				6DC15861191A687B004C4EFC /* TableTests.xctest */,
			);
			name = Products;
			sourceTree = "<group>";
		};
		6DC15848191A687A004C4EFC /* Frameworks */ = {
			isa = PBXGroup;
			children = (
				6DC15849191A687A004C4EFC /* Foundation.framework */,
				6DC1584B191A687A004C4EFC /* CoreGraphics.framework */,
				6DC1584D191A687A004C4EFC /* UIKit.framework */,
				6DC15862191A687B004C4EFC /* XCTest.framework */,
			);
			name = Frameworks;
			sourceTree = "<group>";
		};
		6DC1584F191A687A004C4EFC /* Table */ = {
			isa = PBXGroup;
			children = (
				6DC15858191A687A004C4EFC /* LQLAppDelegate.h */,
				6DC15859191A687A004C4EFC /* LQLAppDelegate.m */,
				6DC1585B191A687A004C4EFC /* Images.xcassets */,
				6DC15850191A687A004C4EFC /* Supporting Files */,
				6DC15878191A6893004C4EFC /* LQLTableViewController.h */,
				6DC15879191A6893004C4EFC /* LQLTableViewController.m */,
				6DC1587B191A698F004C4EFC /* LQLTableSectionView.h */,
				6DC1587C191A698F004C4EFC /* LQLTableSectionView.m */,
				6DC1587E191A7D9D004C4EFC /* LQLCell.h */,
				6DC1587F191A7D9D004C4EFC /* LQLCell.m */,
				6DC15880191A7D9D004C4EFC /* LQLCell.xib */,
			);
			path = Table;
			sourceTree = "<group>";
		};
		6DC15850191A687A004C4EFC /* Supporting Files */ = {
			isa = PBXGroup;
			children = (
				6DC15851191A687A004C4EFC /* Table-Info.plist */,
				6DC15852191A687A004C4EFC /* InfoPlist.strings */,
				6DC15855191A687A004C4EFC /* main.m */,
				6DC15857191A687A004C4EFC /* Table-Prefix.pch */,
			);
			name = "Supporting Files";
			sourceTree = "<group>";
		};
		6DC15868191A687B004C4EFC /* TableTests */ = {
			isa = PBXGroup;
			children = (
				6DC1586E191A687B004C4EFC /* TableTests.m */,
				6DC15869191A687B004C4EFC /* Supporting Files */,
			);
			path = TableTests;
			sourceTree = "<group>";
		};
		6DC15869191A687B004C4EFC /* Supporting Files */ = {
			isa = PBXGroup;
			children = (
				6DC1586A191A687B004C4EFC /* TableTests-Info.plist */,
				6DC1586B191A687B004C4EFC /* InfoPlist.strings */,
			);
			name = "Supporting Files";
			sourceTree = "<group>";
		};
/* End PBXGroup section */

/* Begin PBXNativeTarget section */
		6DC15845191A687A004C4EFC /* Table */ = {
			isa = PBXNativeTarget;
			buildConfigurationList = 6DC15872191A687B004C4EFC /* Build configuration list for PBXNativeTarget "Table" */;
			buildPhases = (
				6DC15842191A687A004C4EFC /* Sources */,
				6DC15843191A687A004C4EFC /* Frameworks */,
				6DC15844191A687A004C4EFC /* Resources */,
			);
			buildRules = (
			);
			dependencies = (
			);
			name = Table;
			productName = Table;
			productReference = 6DC15846191A687A004C4EFC /* Table.app */;
			productType = "com.apple.product-type.application";
		};
		6DC15860191A687B004C4EFC /* TableTests */ = {
			isa = PBXNativeTarget;
			buildConfigurationList = 6DC15875191A687B004C4EFC /* Build configuration list for PBXNativeTarget "TableTests" */;
			buildPhases = (
				6DC1585D191A687B004C4EFC /* Sources */,
				6DC1585E191A687B004C4EFC /* Frameworks */,
				6DC1585F191A687B004C4EFC /* Resources */,
			);
			buildRules = (
			);
			dependencies = (
				6DC15867191A687B004C4EFC /* PBXTargetDependency */,
			);
			name = TableTests;
			productName = TableTests;
			productReference = 6DC15861191A687B004C4EFC /* TableTests.xctest */;
			productType = "com.apple.product-type.bundle.unit-test";
		};
/* End PBXNativeTarget section */

/* Begin PBXProject section */
		6DC1583E191A687A004C4EFC /* Project object */ = {
			isa = PBXProject;
			attributes = {
				CLASSPREFIX = LQL;
				LastUpgradeCheck = 0510;
				ORGANIZATIONNAME = "___FULLUSERNAME___";
				TargetAttributes = {
					6DC15860191A687B004C4EFC = {
						TestTargetID = 6DC15845191A687A004C4EFC;
					};
				};
			};
			buildConfigurationList = 6DC15841191A687A004C4EFC /* Build configuration list for PBXProject "Table" */;
			compatibilityVersion = "Xcode 3.2";
			developmentRegion = English;
			hasScannedForEncodings = 0;
			knownRegions = (
				en,
			);
			mainGroup = 6DC1583D191A687A004C4EFC;
			productRefGroup = 6DC15847191A687A004C4EFC /* Products */;
			projectDirPath = "";
			projectRoot = "";
			targets = (
				6DC15845191A687A004C4EFC /* Table */,
				6DC15860191A687B004C4EFC /* TableTests */,
			);
		};
/* End PBXProject section */

/* Begin PBXResourcesBuildPhase section */
		6DC15844191A687A004C4EFC /* Resources */ = {
			isa = PBXResourcesBuildPhase;
			buildActionMask = 2147483647;
			files = (
				6DC15854191A687A004C4EFC /* InfoPlist.strings in Resources */,
				6DC15882191A7D9D004C4EFC /* LQLCell.xib in Resources */,
				6DC1585C191A687A004C4EFC /* Images.xcassets in Resources */,
			);
			runOnlyForDeploymentPostprocessing = 0;
		};
		6DC1585F191A687B004C4EFC /* Resources */ = {
			isa = PBXResourcesBuildPhase;
			buildActionMask = 2147483647;
			files = (
				6DC1586D191A687B004C4EFC /* InfoPlist.strings in Resources */,
			);
			runOnlyForDeploymentPostprocessing = 0;
		};
/* End PBXResourcesBuildPhase section */

/* Begin PBXSourcesBuildPhase section */
		6DC15842191A687A004C4EFC /* Sources */ = {
			isa = PBXSourcesBuildPhase;
			buildActionMask = 2147483647;
			files = (
				6DC1585A191A687A004C4EFC /* LQLAppDelegate.m in Sources */,
				6DC15881191A7D9D004C4EFC /* LQLCell.m in Sources */,
				6DC1587D191A698F004C4EFC /* LQLTableSectionView.m in Sources */,
				6DC15856191A687A004C4EFC /* main.m in Sources */,
				6DC1587A191A6893004C4EFC /* LQLTableViewController.m in Sources */,
			);
			runOnlyForDeploymentPostprocessing = 0;
		};
		6DC1585D191A687B004C4EFC /* Sources */ = {
			isa = PBXSourcesBuildPhase;
			buildActionMask = 2147483647;
			files = (
				6DC1586F191A687B004C4EFC /* TableTests.m in Sources */,
			);
			runOnlyForDeploymentPostprocessing = 0;
		};
/* End PBXSourcesBuildPhase section */

/* Begin PBXTargetDependency section */
		6DC15867191A687B004C4EFC /* PBXTargetDependency */ = {
			isa = PBXTargetDependency;
			target = 6DC15845191A687A004C4EFC /* Table */;
			targetProxy = 6DC15866191A687B004C4EFC /* PBXContainerItemProxy */;
		};
/* End PBXTargetDependency section */

/* Begin PBXVariantGroup section */
		6DC15852191A687A004C4EFC /* InfoPlist.strings */ = {
			isa = PBXVariantGroup;
			children = (
				6DC15853191A687A004C4EFC /* en */,
			);
			name = InfoPlist.strings;
			sourceTree = "<group>";
		};
		6DC1586B191A687B004C4EFC /* InfoPlist.strings */ = {
			isa = PBXVariantGroup;
			children = (
				6DC1586C191A687B004C4EFC /* en */,
			);
			name = InfoPlist.strings;
			sourceTree = "<group>";
		};
/* End PBXVariantGroup section */

/* Begin XCBuildConfiguration section */
		6DC15870191A687B004C4EFC /* Debug */ = {
			isa = XCBuildConfiguration;
			buildSettings = {
				ALWAYS_SEARCH_USER_PATHS = NO;
				CLANG_CXX_LANGUAGE_STANDARD = "gnu++0x";
				CLANG_CXX_LIBRARY = "libc++";
				CLANG_ENABLE_MODULES = YES;
				CLANG_ENABLE_OBJC_ARC = YES;
				CLANG_WARN_BOOL_CONVERSION = YES;
				CLANG_WARN_CONSTANT_CONVERSION = YES;
				CLANG_WARN_DIRECT_OBJC_ISA_USAGE = YES_ERROR;
				CLANG_WARN_EMPTY_BODY = YES;
				CLANG_WARN_ENUM_CONVERSION = YES;
				CLANG_WARN_INT_CONVERSION = YES;
				CLANG_WARN_OBJC_ROOT_CLASS = YES_ERROR;
				CLANG_WARN__DUPLICATE_METHOD_MATCH = YES;
				"CODE_SIGN_IDENTITY[sdk=iphoneos*]" = "iPhone Developer";
				COPY_PHASE_STRIP = NO;
				GCC_C_LANGUAGE_STANDARD = gnu99;
				GCC_DYNAMIC_NO_PIC = NO;
				GCC_OPTIMIZATION_LEVEL = 0;
				GCC_PREPROCESSOR_DEFINITIONS = (
					"DEBUG=1",
					"$(inherited)",
				);
				GCC_SYMBOLS_PRIVATE_EXTERN = NO;
				GCC_WARN_64_TO_32_BIT_CONVERSION = YES;
				GCC_WARN_ABOUT_RETURN_TYPE = YES_ERROR;
				GCC_WARN_UNDECLARED_SELECTOR = YES;
				GCC_WARN_UNINITIALIZED_AUTOS = YES_AGGRESSIVE;
				GCC_WARN_UNUSED_FUNCTION = YES;
				GCC_WARN_UNUSED_VARIABLE = YES;
				IPHONEOS_DEPLOYMENT_TARGET = 7.1;
				ONLY_ACTIVE_ARCH = YES;
				SDKROOT = iphoneos;
			};
			name = Debug;
		};
		6DC15871191A687B004C4EFC /* Release */ = {
			isa = XCBuildConfiguration;
			buildSettings = {
				ALWAYS_SEARCH_USER_PATHS = NO;
				CLANG_CXX_LANGUAGE_STANDARD = "gnu++0x";
				CLANG_CXX_LIBRARY = "libc++";
				CLANG_ENABLE_MODULES = YES;
				CLANG_ENABLE_OBJC_ARC = YES;
				CLANG_WARN_BOOL_CONVERSION = YES;
				CLANG_WARN_CONSTANT_CONVERSION = YES;
				CLANG_WARN_DIRECT_OBJC_ISA_USAGE = YES_ERROR;
				CLANG_WARN_EMPTY_BODY = YES;
				CLANG_WARN_ENUM_CONVERSION = YES;
				CLANG_WARN_INT_CONVERSION = YES;
				CLANG_WARN_OBJC_ROOT_CLASS = YES_ERROR;
				CLANG_WARN__DUPLICATE_METHOD_MATCH = YES;
				"CODE_SIGN_IDENTITY[sdk=iphoneos*]" = "iPhone Developer";
				COPY_PHASE_STRIP = YES;
				ENABLE_NS_ASSERTIONS = NO;
				GCC_C_LANGUAGE_STANDARD = gnu99;
				GCC_WARN_64_TO_32_BIT_CONVERSION = YES;
				GCC_WARN_ABOUT_RETURN_TYPE = YES_ERROR;
				GCC_WARN_UNDECLARED_SELECTOR = YES;
				GCC_WARN_UNINITIALIZED_AUTOS = YES_AGGRESSIVE;
				GCC_WARN_UNUSED_FUNCTION = YES;
				GCC_WARN_UNUSED_VARIABLE = YES;
				IPHONEOS_DEPLOYMENT_TARGET = 7.1;
				SDKROOT = iphoneos;
				VALIDATE_PRODUCT = YES;
			};
			name = Release;
		};
		6DC15873191A687B004C4EFC /* Debug */ = {
			isa = XCBuildConfiguration;
			buildSettings = {
				ASSETCATALOG_COMPILER_APPICON_NAME = AppIcon;
				ASSETCATALOG_COMPILER_LAUNCHIMAGE_NAME = LaunchImage;
				GCC_PRECOMPILE_PREFIX_HEADER = YES;
				GCC_PREFIX_HEADER = "Table/Table-Prefix.pch";
				INFOPLIST_FILE = "Table/Table-Info.plist";
				PRODUCT_NAME = "$(TARGET_NAME)";
				WRAPPER_EXTENSION = app;
			};
			name = Debug;
		};
		6DC15874191A687B004C4EFC /* Release */ = {
			isa = XCBuildConfiguration;
			buildSettings = {
				ASSETCATALOG_COMPILER_APPICON_NAME = AppIcon;
				ASSETCATALOG_COMPILER_LAUNCHIMAGE_NAME = LaunchImage;
				GCC_PRECOMPILE_PREFIX_HEADER = YES;
				GCC_PREFIX_HEADER = "Table/Table-Prefix.pch";
				INFOPLIST_FILE = "Table/Table-Info.plist";
				PRODUCT_NAME = "$(TARGET_NAME)";
				WRAPPER_EXTENSION = app;
			};
			name = Release;
		};
		6DC15876191A687B004C4EFC /* Debug */ = {
			isa = XCBuildConfiguration;
			buildSettings = {
				BUNDLE_LOADER = "$(BUILT_PRODUCTS_DIR)/Table.app/Table";
				FRAMEWORK_SEARCH_PATHS = (
					"$(SDKROOT)/Developer/Library/Frameworks",
					"$(inherited)",
					"$(DEVELOPER_FRAMEWORKS_DIR)",
				);
				GCC_PRECOMPILE_PREFIX_HEADER = YES;
				GCC_PREFIX_HEADER = "Table/Table-Prefix.pch";
				GCC_PREPROCESSOR_DEFINITIONS = (
					"DEBUG=1",
					"$(inherited)",
				);
				INFOPLIST_FILE = "TableTests/TableTests-Info.plist";
				PRODUCT_NAME = "$(TARGET_NAME)";
				TEST_HOST = "$(BUNDLE_LOADER)";
				WRAPPER_EXTENSION = xctest;
			};
			name = Debug;
		};
		6DC15877191A687B004C4EFC /* Release */ = {
			isa = XCBuildConfiguration;
			buildSettings = {
				BUNDLE_LOADER = "$(BUILT_PRODUCTS_DIR)/Table.app/Table";
				FRAMEWORK_SEARCH_PATHS = (
					"$(SDKROOT)/Developer/Library/Frameworks",
					"$(inherited)",
					"$(DEVELOPER_FRAMEWORKS_DIR)",
				);
				GCC_PRECOMPILE_PREFIX_HEADER = YES;
				GCC_PREFIX_HEADER = "Table/Table-Prefix.pch";
				INFOPLIST_FILE = "TableTests/TableTests-Info.plist";
				PRODUCT_NAME = "$(TARGET_NAME)";
				TEST_HOST = "$(BUNDLE_LOADER)";
				WRAPPER_EXTENSION = xctest;
			};
			name = Release;
		};
/* End XCBuildConfiguration section */

/* Begin XCConfigurationList section */
		6DC15841191A687A004C4EFC /* Build configuration list for PBXProject "Table" */ = {
			isa = XCConfigurationList;
			buildConfigurations = (
				6DC15870191A687B004C4EFC /* Debug */,
				6DC15871191A687B004C4EFC /* Release */,
			);
			defaultConfigurationIsVisible = 0;
			defaultConfigurationName = Release;
		};
		6DC15872191A687B004C4EFC /* Build configuration list for PBXNativeTarget "Table" */ = {
			isa = XCConfigurationList;
			buildConfigurations = (
				6DC15873191A687B004C4EFC /* Debug */,
				6DC15874191A687B004C4EFC /* Release */,
			);
			defaultConfigurationIsVisible = 0;
		};
		6DC15875191A687B004C4EFC /* Build configuration list for PBXNativeTarget "TableTests" */ = {
			isa = XCConfigurationList;
			buildConfigurations = (
				6DC15876191A687B004C4EFC /* Debug */,
				6DC15877191A687B004C4EFC /* Release */,
			);
			defaultConfigurationIsVisible = 0;
		};
/* End XCConfigurationList section */
	};
	rootObject = 6DC1583E191A687A004C4EFC /* Project object */;
}
